// !$*UTF8*$!
{
	archiveVersion = 1;
	classes = {
	};
	objectVersion = 46;
	objects = {

/* Begin PBXBuildFile section */
		20C3E768F3D11020E8105B99 /* Pods_SampleBitriseTests.framework in Frameworks */ = {isa = PBXBuildFile; fileRef = 5BD939FE434C7692A14179A5 /* Pods_SampleBitriseTests.framework */; };
		2168DF2C3B42BB873DC2B697 /* Pods_SampleBitriseUITests.framework in Frameworks */ = {isa = PBXBuildFile; fileRef = BC6452C42567F1AE58510F76 /* Pods_SampleBitriseUITests.framework */; };
		F31306AD1F8848010853ED6B /* Pods_SampleBitrise.framework in Frameworks */ = {isa = PBXBuildFile; fileRef = 0919363F34EB3C569ABADF22 /* Pods_SampleBitrise.framework */; };
		F552E918211E386300D09FD7 /* AppDelegate.swift in Sources */ = {isa = PBXBuildFile; fileRef = F552E917211E386300D09FD7 /* AppDelegate.swift */; };
		F552E91A211E386300D09FD7 /* ViewController.swift in Sources */ = {isa = PBXBuildFile; fileRef = F552E919211E386300D09FD7 /* ViewController.swift */; };
		F552E91D211E386300D09FD7 /* Main.storyboard in Resources */ = {isa = PBXBuildFile; fileRef = F552E91B211E386300D09FD7 /* Main.storyboard */; };
		F552E91F211E386300D09FD7 /* Assets.xcassets in Resources */ = {isa = PBXBuildFile; fileRef = F552E91E211E386300D09FD7 /* Assets.xcassets */; };
		F552E922211E386300D09FD7 /* LaunchScreen.storyboard in Resources */ = {isa = PBXBuildFile; fileRef = F552E920211E386300D09FD7 /* LaunchScreen.storyboard */; };
		F552E92D211E386300D09FD7 /* SampleBitriseTests.swift in Sources */ = {isa = PBXBuildFile; fileRef = F552E92C211E386300D09FD7 /* SampleBitriseTests.swift */; };
		F552E938211E386300D09FD7 /* SampleBitriseUITests.swift in Sources */ = {isa = PBXBuildFile; fileRef = F552E937211E386300D09FD7 /* SampleBitriseUITests.swift */; };
		F57E5007211F3C110030080F /* SwiftyJSON.framework in Frameworks */ = {isa = PBXBuildFile; fileRef = F57E5006211F3C110030080F /* SwiftyJSON.framework */; };
		F57E5009211F3C1C0030080F /* Alamofire.framework in Frameworks */ = {isa = PBXBuildFile; fileRef = F57E5008211F3C1C0030080F /* Alamofire.framework */; };
/* End PBXBuildFile section */

/* Begin PBXContainerItemProxy section */
		F552E929211E386300D09FD7 /* PBXContainerItemProxy */ = {
			isa = PBXContainerItemProxy;
			containerPortal = F552E90C211E386300D09FD7 /* Project object */;
			proxyType = 1;
			remoteGlobalIDString = F552E913211E386300D09FD7;
			remoteInfo = SampleBitrise;
		};
		F552E934211E386300D09FD7 /* PBXContainerItemProxy */ = {
			isa = PBXContainerItemProxy;
			containerPortal = F552E90C211E386300D09FD7 /* Project object */;
			proxyType = 1;
			remoteGlobalIDString = F552E913211E386300D09FD7;
			remoteInfo = SampleBitrise;
		};
/* End PBXContainerItemProxy section */

/* Begin PBXFileReference section */
		063C9A40EBF73A2524ADD718 /* Pods-SampleBitrise.debug.xcconfig */ = {isa = PBXFileReference; includeInIndex = 1; lastKnownFileType = text.xcconfig; name = "Pods-SampleBitrise.debug.xcconfig"; path = "Pods/Target Support Files/Pods-SampleBitrise/Pods-SampleBitrise.debug.xcconfig"; sourceTree = "<group>"; };
		0919363F34EB3C569ABADF22 /* Pods_SampleBitrise.framework */ = {isa = PBXFileReference; explicitFileType = wrapper.framework; includeInIndex = 0; path = Pods_SampleBitrise.framework; sourceTree = BUILT_PRODUCTS_DIR; };
		0C09DB6FD1DE1B6C2F2B1905 /* Pods-SampleBitriseUITests.release.xcconfig */ = {isa = PBXFileReference; includeInIndex = 1; lastKnownFileType = text.xcconfig; name = "Pods-SampleBitriseUITests.release.xcconfig"; path = "Pods/Target Support Files/Pods-SampleBitriseUITests/Pods-SampleBitriseUITests.release.xcconfig"; sourceTree = "<group>"; };
		0E0CCA4AB6B94204B6F3D0C9 /* Pods-SampleBitriseTests.release.xcconfig */ = {isa = PBXFileReference; includeInIndex = 1; lastKnownFileType = text.xcconfig; name = "Pods-SampleBitriseTests.release.xcconfig"; path = "Pods/Target Support Files/Pods-SampleBitriseTests/Pods-SampleBitriseTests.release.xcconfig"; sourceTree = "<group>"; };
		14FA9217A7496D3FB267BED8 /* Pods-SampleBitrise.release.xcconfig */ = {isa = PBXFileReference; includeInIndex = 1; lastKnownFileType = text.xcconfig; name = "Pods-SampleBitrise.release.xcconfig"; path = "Pods/Target Support Files/Pods-SampleBitrise/Pods-SampleBitrise.release.xcconfig"; sourceTree = "<group>"; };
		5BD939FE434C7692A14179A5 /* Pods_SampleBitriseTests.framework */ = {isa = PBXFileReference; explicitFileType = wrapper.framework; includeInIndex = 0; path = Pods_SampleBitriseTests.framework; sourceTree = BUILT_PRODUCTS_DIR; };
		63BFA037C2FBF0B93754A95D /* Pods-SampleBitriseTests.debug.xcconfig */ = {isa = PBXFileReference; includeInIndex = 1; lastKnownFileType = text.xcconfig; name = "Pods-SampleBitriseTests.debug.xcconfig"; path = "Pods/Target Support Files/Pods-SampleBitriseTests/Pods-SampleBitriseTests.debug.xcconfig"; sourceTree = "<group>"; };
		B9479956A7F358979FD19004 /* Pods-SampleBitriseUITests.debug.xcconfig */ = {isa = PBXFileReference; includeInIndex = 1; lastKnownFileType = text.xcconfig; name = "Pods-SampleBitriseUITests.debug.xcconfig"; path = "Pods/Target Support Files/Pods-SampleBitriseUITests/Pods-SampleBitriseUITests.debug.xcconfig"; sourceTree = "<group>"; };
		BC6452C42567F1AE58510F76 /* Pods_SampleBitriseUITests.framework */ = {isa = PBXFileReference; explicitFileType = wrapper.framework; includeInIndex = 0; path = Pods_SampleBitriseUITests.framework; sourceTree = BUILT_PRODUCTS_DIR; };
		F552E914211E386300D09FD7 /* SampleBitrise.app */ = {isa = PBXFileReference; explicitFileType = wrapper.application; includeInIndex = 0; path = SampleBitrise.app; sourceTree = BUILT_PRODUCTS_DIR; };
		F552E917211E386300D09FD7 /* AppDelegate.swift */ = {isa = PBXFileReference; lastKnownFileType = sourcecode.swift; path = AppDelegate.swift; sourceTree = "<group>"; };
		F552E919211E386300D09FD7 /* ViewController.swift */ = {isa = PBXFileReference; lastKnownFileType = sourcecode.swift; path = ViewController.swift; sourceTree = "<group>"; };
		F552E91C211E386300D09FD7 /* Base */ = {isa = PBXFileReference; lastKnownFileType = file.storyboard; name = Base; path = Base.lproj/Main.storyboard; sourceTree = "<group>"; };
		F552E91E211E386300D09FD7 /* Assets.xcassets */ = {isa = PBXFileReference; lastKnownFileType = folder.assetcatalog; path = Assets.xcassets; sourceTree = "<group>"; };
		F552E921211E386300D09FD7 /* Base */ = {isa = PBXFileReference; lastKnownFileType = file.storyboard; name = Base; path = Base.lproj/LaunchScreen.storyboard; sourceTree = "<group>"; };
		F552E923211E386300D09FD7 /* Info.plist */ = {isa = PBXFileReference; lastKnownFileType = text.plist.xml; path = Info.plist; sourceTree = "<group>"; };
		F552E928211E386300D09FD7 /* SampleBitriseTests.xctest */ = {isa = PBXFileReference; explicitFileType = wrapper.cfbundle; includeInIndex = 0; path = SampleBitriseTests.xctest; sourceTree = BUILT_PRODUCTS_DIR; };
		F552E92C211E386300D09FD7 /* SampleBitriseTests.swift */ = {isa = PBXFileReference; lastKnownFileType = sourcecode.swift; path = SampleBitriseTests.swift; sourceTree = "<group>"; };
		F552E92E211E386300D09FD7 /* Info.plist */ = {isa = PBXFileReference; lastKnownFileType = text.plist.xml; path = Info.plist; sourceTree = "<group>"; };
		F552E933211E386300D09FD7 /* SampleBitriseUITests.xctest */ = {isa = PBXFileReference; explicitFileType = wrapper.cfbundle; includeInIndex = 0; path = SampleBitriseUITests.xctest; sourceTree = BUILT_PRODUCTS_DIR; };
		F552E937211E386300D09FD7 /* SampleBitriseUITests.swift */ = {isa = PBXFileReference; lastKnownFileType = sourcecode.swift; path = SampleBitriseUITests.swift; sourceTree = "<group>"; };
		F552E939211E386300D09FD7 /* Info.plist */ = {isa = PBXFileReference; lastKnownFileType = text.plist.xml; path = Info.plist; sourceTree = "<group>"; };
		F57E5006211F3C110030080F /* SwiftyJSON.framework */ = {isa = PBXFileReference; lastKnownFileType = wrapper.framework; name = SwiftyJSON.framework; path = Carthage/Build/iOS/SwiftyJSON.framework; sourceTree = "<group>"; };
		F57E5008211F3C1C0030080F /* Alamofire.framework */ = {isa = PBXFileReference; lastKnownFileType = wrapper.framework; name = Alamofire.framework; path = Carthage/Build/iOS/Alamofire.framework; sourceTree = "<group>"; };
/* End PBXFileReference section */

/* Begin PBXFrameworksBuildPhase section */
		F552E911211E386300D09FD7 /* Frameworks */ = {
			isa = PBXFrameworksBuildPhase;
			buildActionMask = 2147483647;
			files = (
				F57E5009211F3C1C0030080F /* Alamofire.framework in Frameworks */,
				F57E5007211F3C110030080F /* SwiftyJSON.framework in Frameworks */,
				F31306AD1F8848010853ED6B /* Pods_SampleBitrise.framework in Frameworks */,
			);
			runOnlyForDeploymentPostprocessing = 0;
		};
		F552E925211E386300D09FD7 /* Frameworks */ = {
			isa = PBXFrameworksBuildPhase;
			buildActionMask = 2147483647;
			files = (
				20C3E768F3D11020E8105B99 /* Pods_SampleBitriseTests.framework in Frameworks */,
			);
			runOnlyForDeploymentPostprocessing = 0;
		};
		F552E930211E386300D09FD7 /* Frameworks */ = {
			isa = PBXFrameworksBuildPhase;
			buildActionMask = 2147483647;
			files = (
				2168DF2C3B42BB873DC2B697 /* Pods_SampleBitriseUITests.framework in Frameworks */,
			);
			runOnlyForDeploymentPostprocessing = 0;
		};
/* End PBXFrameworksBuildPhase section */

/* Begin PBXGroup section */
		24CC0BC49E525DBE4AE49183 /* Frameworks */ = {
			isa = PBXGroup;
			children = (
				F57E5008211F3C1C0030080F /* Alamofire.framework */,
				F57E5006211F3C110030080F /* SwiftyJSON.framework */,
				0919363F34EB3C569ABADF22 /* Pods_SampleBitrise.framework */,
				5BD939FE434C7692A14179A5 /* Pods_SampleBitriseTests.framework */,
				BC6452C42567F1AE58510F76 /* Pods_SampleBitriseUITests.framework */,
			);
			name = Frameworks;
			sourceTree = "<group>";
		};
		24E96D92AC754BBB1453F4E1 /* Pods */ = {
			isa = PBXGroup;
			children = (
				063C9A40EBF73A2524ADD718 /* Pods-SampleBitrise.debug.xcconfig */,
				14FA9217A7496D3FB267BED8 /* Pods-SampleBitrise.release.xcconfig */,
				63BFA037C2FBF0B93754A95D /* Pods-SampleBitriseTests.debug.xcconfig */,
				0E0CCA4AB6B94204B6F3D0C9 /* Pods-SampleBitriseTests.release.xcconfig */,
				B9479956A7F358979FD19004 /* Pods-SampleBitriseUITests.debug.xcconfig */,
				0C09DB6FD1DE1B6C2F2B1905 /* Pods-SampleBitriseUITests.release.xcconfig */,
			);
			name = Pods;
			sourceTree = "<group>";
		};
		F552E90B211E386300D09FD7 = {
			isa = PBXGroup;
			children = (
				F552E916211E386300D09FD7 /* SampleBitrise */,
				F552E92B211E386300D09FD7 /* SampleBitriseTests */,
				F552E936211E386300D09FD7 /* SampleBitriseUITests */,
				F552E915211E386300D09FD7 /* Products */,
				24E96D92AC754BBB1453F4E1 /* Pods */,
				24CC0BC49E525DBE4AE49183 /* Frameworks */,
			);
			sourceTree = "<group>";
		};
		F552E915211E386300D09FD7 /* Products */ = {
			isa = PBXGroup;
			children = (
				F552E914211E386300D09FD7 /* SampleBitrise.app */,
				F552E928211E386300D09FD7 /* SampleBitriseTests.xctest */,
				F552E933211E386300D09FD7 /* SampleBitriseUITests.xctest */,
			);
			name = Products;
			sourceTree = "<group>";
		};
		F552E916211E386300D09FD7 /* SampleBitrise */ = {
			isa = PBXGroup;
			children = (
				F552E917211E386300D09FD7 /* AppDelegate.swift */,
				F552E919211E386300D09FD7 /* ViewController.swift */,
				F552E91B211E386300D09FD7 /* Main.storyboard */,
				F552E91E211E386300D09FD7 /* Assets.xcassets */,
				F552E920211E386300D09FD7 /* LaunchScreen.storyboard */,
				F552E923211E386300D09FD7 /* Info.plist */,
			);
			path = SampleBitrise;
			sourceTree = "<group>";
		};
		F552E92B211E386300D09FD7 /* SampleBitriseTests */ = {
			isa = PBXGroup;
			children = (
				F552E92C211E386300D09FD7 /* SampleBitriseTests.swift */,
				F552E92E211E386300D09FD7 /* Info.plist */,
			);
			path = SampleBitriseTests;
			sourceTree = "<group>";
		};
		F552E936211E386300D09FD7 /* SampleBitriseUITests */ = {
			isa = PBXGroup;
			children = (
				F552E937211E386300D09FD7 /* SampleBitriseUITests.swift */,
				F552E939211E386300D09FD7 /* Info.plist */,
			);
			path = SampleBitriseUITests;
			sourceTree = "<group>";
		};
/* End PBXGroup section */

/* Begin PBXNativeTarget section */
		F552E913211E386300D09FD7 /* SampleBitrise */ = {
			isa = PBXNativeTarget;
			buildConfigurationList = F552E93C211E386300D09FD7 /* Build configuration list for PBXNativeTarget "SampleBitrise" */;
			buildPhases = (
				9BFCDBF6EFBA5899DD576057 /* [CP] Check Pods Manifest.lock */,
				F552E910211E386300D09FD7 /* Sources */,
				F552E911211E386300D09FD7 /* Frameworks */,
				F552E912211E386300D09FD7 /* Resources */,
				D6015A2D9543D55DB0EA07E7 /* [CP] Embed Pods Frameworks */,
				F57E500A211F3C520030080F /* ShellScript */,
			);
			buildRules = (
			);
			dependencies = (
			);
			name = SampleBitrise;
			productName = SampleBitrise;
			productReference = F552E914211E386300D09FD7 /* SampleBitrise.app */;
			productType = "com.apple.product-type.application";
		};
		F552E927211E386300D09FD7 /* SampleBitriseTests */ = {
			isa = PBXNativeTarget;
			buildConfigurationList = F552E93F211E386300D09FD7 /* Build configuration list for PBXNativeTarget "SampleBitriseTests" */;
			buildPhases = (
				3CDE9C8C3D8136997E847A2E /* [CP] Check Pods Manifest.lock */,
				F552E924211E386300D09FD7 /* Sources */,
				F552E925211E386300D09FD7 /* Frameworks */,
				F552E926211E386300D09FD7 /* Resources */,
			);
			buildRules = (
			);
			dependencies = (
				F552E92A211E386300D09FD7 /* PBXTargetDependency */,
			);
			name = SampleBitriseTests;
			productName = SampleBitriseTests;
			productReference = F552E928211E386300D09FD7 /* SampleBitriseTests.xctest */;
			productType = "com.apple.product-type.bundle.unit-test";
		};
		F552E932211E386300D09FD7 /* SampleBitriseUITests */ = {
			isa = PBXNativeTarget;
			buildConfigurationList = F552E942211E386300D09FD7 /* Build configuration list for PBXNativeTarget "SampleBitriseUITests" */;
			buildPhases = (
				B2F5F3386DA24B7ED4BABCA3 /* [CP] Check Pods Manifest.lock */,
				F552E92F211E386300D09FD7 /* Sources */,
				F552E930211E386300D09FD7 /* Frameworks */,
				F552E931211E386300D09FD7 /* Resources */,
			);
			buildRules = (
			);
			dependencies = (
				F552E935211E386300D09FD7 /* PBXTargetDependency */,
			);
			name = SampleBitriseUITests;
			productName = SampleBitriseUITests;
			productReference = F552E933211E386300D09FD7 /* SampleBitriseUITests.xctest */;
			productType = "com.apple.product-type.bundle.ui-testing";
		};
/* End PBXNativeTarget section */

/* Begin PBXProject section */
		F552E90C211E386300D09FD7 /* Project object */ = {
			isa = PBXProject;
			attributes = {
				LastSwiftUpdateCheck = 0830;
				LastUpgradeCheck = 0830;
				ORGANIZATIONNAME = hoeg;
				TargetAttributes = {
					F552E913211E386300D09FD7 = {
						CreatedOnToolsVersion = 8.3.3;
						ProvisioningStyle = Automatic;
					};
					F552E927211E386300D09FD7 = {
						CreatedOnToolsVersion = 8.3.3;
						ProvisioningStyle = Automatic;
						TestTargetID = F552E913211E386300D09FD7;
					};
					F552E932211E386300D09FD7 = {
						CreatedOnToolsVersion = 8.3.3;
						ProvisioningStyle = Automatic;
						TestTargetID = F552E913211E386300D09FD7;
					};
				};
			};
			buildConfigurationList = F552E90F211E386300D09FD7 /* Build configuration list for PBXProject "SampleBitrise" */;
			compatibilityVersion = "Xcode 3.2";
			developmentRegion = English;
			hasScannedForEncodings = 0;
			knownRegions = (
				en,
				Base,
			);
			mainGroup = F552E90B211E386300D09FD7;
			productRefGroup = F552E915211E386300D09FD7 /* Products */;
			projectDirPath = "";
			projectRoot = "";
			targets = (
				F552E913211E386300D09FD7 /* SampleBitrise */,
				F552E927211E386300D09FD7 /* SampleBitriseTests */,
				F552E932211E386300D09FD7 /* SampleBitriseUITests */,
			);
		};
/* End PBXProject section */

/* Begin PBXResourcesBuildPhase section */
		F552E912211E386300D09FD7 /* Resources */ = {
			isa = PBXResourcesBuildPhase;
			buildActionMask = 2147483647;
			files = (
				F552E922211E386300D09FD7 /* LaunchScreen.storyboard in Resources */,
				F552E91F211E386300D09FD7 /* Assets.xcassets in Resources */,
				F552E91D211E386300D09FD7 /* Main.storyboard in Resources */,
			);
			runOnlyForDeploymentPostprocessing = 0;
		};
		F552E926211E386300D09FD7 /* Resources */ = {
			isa = PBXResourcesBuildPhase;
			buildActionMask = 2147483647;
			files = (
			);
			runOnlyForDeploymentPostprocessing = 0;
		};
		F552E931211E386300D09FD7 /* Resources */ = {
			isa = PBXResourcesBuildPhase;
			buildActionMask = 2147483647;
			files = (
			);
			runOnlyForDeploymentPostprocessing = 0;
		};
/* End PBXResourcesBuildPhase section */

/* Begin PBXShellScriptBuildPhase section */
		3CDE9C8C3D8136997E847A2E /* [CP] Check Pods Manifest.lock */ = {
			isa = PBXShellScriptBuildPhase;
			buildActionMask = 2147483647;
			files = (
			);
			inputPaths = (
				"${PODS_PODFILE_DIR_PATH}/Podfile.lock",
				"${PODS_ROOT}/Manifest.lock",
			);
			name = "[CP] Check Pods Manifest.lock";
			outputPaths = (
				"$(DERIVED_FILE_DIR)/Pods-SampleBitriseTests-checkManifestLockResult.txt",
			);
			runOnlyForDeploymentPostprocessing = 0;
			shellPath = /bin/sh;
			shellScript = "diff \"${PODS_PODFILE_DIR_PATH}/Podfile.lock\" \"${PODS_ROOT}/Manifest.lock\" > /dev/null\nif [ $? != 0 ] ; then\n    # print error to STDERR\n    echo \"error: The sandbox is not in sync with the Podfile.lock. Run 'pod install' or update your CocoaPods installation.\" >&2\n    exit 1\nfi\n# This output is used by Xcode 'outputs' to avoid re-running this script phase.\necho \"SUCCESS\" > \"${SCRIPT_OUTPUT_FILE_0}\"\n";
			showEnvVarsInLog = 0;
		};
		9BFCDBF6EFBA5899DD576057 /* [CP] Check Pods Manifest.lock */ = {
			isa = PBXShellScriptBuildPhase;
			buildActionMask = 2147483647;
			files = (
			);
			inputPaths = (
				"${PODS_PODFILE_DIR_PATH}/Podfile.lock",
				"${PODS_ROOT}/Manifest.lock",
			);
			name = "[CP] Check Pods Manifest.lock";
			outputPaths = (
				"$(DERIVED_FILE_DIR)/Pods-SampleBitrise-checkManifestLockResult.txt",
			);
			runOnlyForDeploymentPostprocessing = 0;
			shellPath = /bin/sh;
			shellScript = "diff \"${PODS_PODFILE_DIR_PATH}/Podfile.lock\" \"${PODS_ROOT}/Manifest.lock\" > /dev/null\nif [ $? != 0 ] ; then\n    # print error to STDERR\n    echo \"error: The sandbox is not in sync with the Podfile.lock. Run 'pod install' or update your CocoaPods installation.\" >&2\n    exit 1\nfi\n# This output is used by Xcode 'outputs' to avoid re-running this script phase.\necho \"SUCCESS\" > \"${SCRIPT_OUTPUT_FILE_0}\"\n";
			showEnvVarsInLog = 0;
		};
		B2F5F3386DA24B7ED4BABCA3 /* [CP] Check Pods Manifest.lock */ = {
			isa = PBXShellScriptBuildPhase;
			buildActionMask = 2147483647;
			files = (
			);
			inputPaths = (
				"${PODS_PODFILE_DIR_PATH}/Podfile.lock",
				"${PODS_ROOT}/Manifest.lock",
			);
			name = "[CP] Check Pods Manifest.lock";
			outputPaths = (
				"$(DERIVED_FILE_DIR)/Pods-SampleBitriseUITests-checkManifestLockResult.txt",
			);
			runOnlyForDeploymentPostprocessing = 0;
			shellPath = /bin/sh;
			shellScript = "diff \"${PODS_PODFILE_DIR_PATH}/Podfile.lock\" \"${PODS_ROOT}/Manifest.lock\" > /dev/null\nif [ $? != 0 ] ; then\n    # print error to STDERR\n    echo \"error: The sandbox is not in sync with the Podfile.lock. Run 'pod install' or update your CocoaPods installation.\" >&2\n    exit 1\nfi\n# This output is used by Xcode 'outputs' to avoid re-running this script phase.\necho \"SUCCESS\" > \"${SCRIPT_OUTPUT_FILE_0}\"\n";
			showEnvVarsInLog = 0;
		};
		D6015A2D9543D55DB0EA07E7 /* [CP] Embed Pods Frameworks */ = {
			isa = PBXShellScriptBuildPhase;
			buildActionMask = 2147483647;
			files = (
			);
			inputPaths = (
				"${SRCROOT}/Pods/Target Support Files/Pods-SampleBitrise/Pods-SampleBitrise-frameworks.sh",
				"${BUILT_PRODUCTS_DIR}/XLPagerTabStrip/XLPagerTabStrip.framework",
			);
			name = "[CP] Embed Pods Frameworks";
			outputPaths = (
				"${TARGET_BUILD_DIR}/${FRAMEWORKS_FOLDER_PATH}/XLPagerTabStrip.framework",
			);
			runOnlyForDeploymentPostprocessing = 0;
			shellPath = /bin/sh;
			shellScript = "\"${SRCROOT}/Pods/Target Support Files/Pods-SampleBitrise/Pods-SampleBitrise-frameworks.sh\"\n";
			showEnvVarsInLog = 0;
		};
		F57E500A211F3C520030080F /* ShellScript */ = {
			isa = PBXShellScriptBuildPhase;
			buildActionMask = 2147483647;
			files = (
			);
			inputPaths = (
				"$(SRCROOT)/Carthage/Build/iOS/Alamofire.framework",
				"$(SRCROOT)/Carthage/Build/iOS/SwiftyJSON.framework",
			);
			outputPaths = (
			);
			runOnlyForDeploymentPostprocessing = 0;
			shellPath = /bin/sh;
			shellScript = "/usr/local/bin/carthage copy-frameworks";
		};
/* End PBXShellScriptBuildPhase section */

/* Begin PBXSourcesBuildPhase section */
		F552E910211E386300D09FD7 /* Sources */ = {
			isa = PBXSourcesBuildPhase;
			buildActionMask = 2147483647;
			files = (
				F552E91A211E386300D09FD7 /* ViewController.swift in Sources */,
				F552E918211E386300D09FD7 /* AppDelegate.swift in Sources */,
			);
			runOnlyForDeploymentPostprocessing = 0;
		};
		F552E924211E386300D09FD7 /* Sources */ = {
			isa = PBXSourcesBuildPhase;
			buildActionMask = 2147483647;
			files = (
				F552E92D211E386300D09FD7 /* SampleBitriseTests.swift in Sources */,
			);
			runOnlyForDeploymentPostprocessing = 0;
		};
		F552E92F211E386300D09FD7 /* Sources */ = {
			isa = PBXSourcesBuildPhase;
			buildActionMask = 2147483647;
			files = (
				F552E938211E386300D09FD7 /* SampleBitriseUITests.swift in Sources */,
			);
			runOnlyForDeploymentPostprocessing = 0;
		};
/* End PBXSourcesBuildPhase section */

/* Begin PBXTargetDependency section */
		F552E92A211E386300D09FD7 /* PBXTargetDependency */ = {
			isa = PBXTargetDependency;
			target = F552E913211E386300D09FD7 /* SampleBitrise */;
			targetProxy = F552E929211E386300D09FD7 /* PBXContainerItemProxy */;
		};
		F552E935211E386300D09FD7 /* PBXTargetDependency */ = {
			isa = PBXTargetDependency;
			target = F552E913211E386300D09FD7 /* SampleBitrise */;
			targetProxy = F552E934211E386300D09FD7 /* PBXContainerItemProxy */;
		};
/* End PBXTargetDependency section */

/* Begin PBXVariantGroup section */
		F552E91B211E386300D09FD7 /* Main.storyboard */ = {
			isa = PBXVariantGroup;
			children = (
				F552E91C211E386300D09FD7 /* Base */,
			);
			name = Main.storyboard;
			sourceTree = "<group>";
		};
		F552E920211E386300D09FD7 /* LaunchScreen.storyboard */ = {
			isa = PBXVariantGroup;
			children = (
				F552E921211E386300D09FD7 /* Base */,
			);
			name = LaunchScreen.storyboard;
			sourceTree = "<group>";
		};
/* End PBXVariantGroup section */

/* Begin XCBuildConfiguration section */
		F552E93A211E386300D09FD7 /* Debug */ = {
			isa = XCBuildConfiguration;
			buildSettings = {
				ALWAYS_SEARCH_USER_PATHS = NO;
				CLANG_ANALYZER_NONNULL = YES;
				CLANG_ANALYZER_NUMBER_OBJECT_CONVERSION = YES_AGGRESSIVE;
				CLANG_CXX_LANGUAGE_STANDARD = "gnu++0x";
				CLANG_CXX_LIBRARY = "libc++";
				CLANG_ENABLE_MODULES = YES;
				CLANG_ENABLE_OBJC_ARC = YES;
				CLANG_WARN_BOOL_CONVERSION = YES;
				CLANG_WARN_CONSTANT_CONVERSION = YES;
				CLANG_WARN_DIRECT_OBJC_ISA_USAGE = YES_ERROR;
				CLANG_WARN_DOCUMENTATION_COMMENTS = YES;
				CLANG_WARN_EMPTY_BODY = YES;
				CLANG_WARN_ENUM_CONVERSION = YES;
				CLANG_WARN_INFINITE_RECURSION = YES;
				CLANG_WARN_INT_CONVERSION = YES;
				CLANG_WARN_OBJC_ROOT_CLASS = YES_ERROR;
				CLANG_WARN_SUSPICIOUS_MOVE = YES;
				CLANG_WARN_UNREACHABLE_CODE = YES;
				CLANG_WARN__DUPLICATE_METHOD_MATCH = YES;
				"CODE_SIGN_IDENTITY[sdk=iphoneos*]" = "iPhone Developer";
				COPY_PHASE_STRIP = NO;
				DEBUG_INFORMATION_FORMAT = dwarf;
				ENABLE_STRICT_OBJC_MSGSEND = YES;
				ENABLE_TESTABILITY = YES;
				GCC_C_LANGUAGE_STANDARD = gnu99;
				GCC_DYNAMIC_NO_PIC = NO;
				GCC_NO_COMMON_BLOCKS = YES;
				GCC_OPTIMIZATION_LEVEL = 0;
				GCC_PREPROCESSOR_DEFINITIONS = (
					"DEBUG=1",
					"$(inherited)",
				);
				GCC_WARN_64_TO_32_BIT_CONVERSION = YES;
				GCC_WARN_ABOUT_RETURN_TYPE = YES_ERROR;
				GCC_WARN_UNDECLARED_SELECTOR = YES;
				GCC_WARN_UNINITIALIZED_AUTOS = YES_AGGRESSIVE;
				GCC_WARN_UNUSED_FUNCTION = YES;
				GCC_WARN_UNUSED_VARIABLE = YES;
				IPHONEOS_DEPLOYMENT_TARGET = 10.3;
				MTL_ENABLE_DEBUG_INFO = YES;
				ONLY_ACTIVE_ARCH = YES;
				SDKROOT = iphoneos;
				SWIFT_ACTIVE_COMPILATION_CONDITIONS = DEBUG;
				SWIFT_OPTIMIZATION_LEVEL = "-Onone";
				TARGETED_DEVICE_FAMILY = "1,2";
			};
			name = Debug;
		};
		F552E93B211E386300D09FD7 /* Release */ = {
			isa = XCBuildConfiguration;
			buildSettings = {
				ALWAYS_SEARCH_USER_PATHS = NO;
				CLANG_ANALYZER_NONNULL = YES;
				CLANG_ANALYZER_NUMBER_OBJECT_CONVERSION = YES_AGGRESSIVE;
				CLANG_CXX_LANGUAGE_STANDARD = "gnu++0x";
				CLANG_CXX_LIBRARY = "libc++";
				CLANG_ENABLE_MODULES = YES;
				CLANG_ENABLE_OBJC_ARC = YES;
				CLANG_WARN_BOOL_CONVERSION = YES;
				CLANG_WARN_CONSTANT_CONVERSION = YES;
				CLANG_WARN_DIRECT_OBJC_ISA_USAGE = YES_ERROR;
				CLANG_WARN_DOCUMENTATION_COMMENTS = YES;
				CLANG_WARN_EMPTY_BODY = YES;
				CLANG_WARN_ENUM_CONVERSION = YES;
				CLANG_WARN_INFINITE_RECURSION = YES;
				CLANG_WARN_INT_CONVERSION = YES;
				CLANG_WARN_OBJC_ROOT_CLASS = YES_ERROR;
				CLANG_WARN_SUSPICIOUS_MOVE = YES;
				CLANG_WARN_UNREACHABLE_CODE = YES;
				CLANG_WARN__DUPLICATE_METHOD_MATCH = YES;
				"CODE_SIGN_IDENTITY[sdk=iphoneos*]" = "iPhone Developer";
				COPY_PHASE_STRIP = NO;
				DEBUG_INFORMATION_FORMAT = "dwarf-with-dsym";
				ENABLE_NS_ASSERTIONS = NO;
				ENABLE_STRICT_OBJC_MSGSEND = YES;
				GCC_C_LANGUAGE_STANDARD = gnu99;
				GCC_NO_COMMON_BLOCKS = YES;
				GCC_WARN_64_TO_32_BIT_CONVERSION = YES;
				GCC_WARN_ABOUT_RETURN_TYPE = YES_ERROR;
				GCC_WARN_UNDECLARED_SELECTOR = YES;
				GCC_WARN_UNINITIALIZED_AUTOS = YES_AGGRESSIVE;
				GCC_WARN_UNUSED_FUNCTION = YES;
				GCC_WARN_UNUSED_VARIABLE = YES;
				IPHONEOS_DEPLOYMENT_TARGET = 10.3;
				MTL_ENABLE_DEBUG_INFO = NO;
				SDKROOT = iphoneos;
				SWIFT_OPTIMIZATION_LEVEL = "-Owholemodule";
				TARGETED_DEVICE_FAMILY = "1,2";
				VALIDATE_PRODUCT = YES;
			};
			name = Release;
		};
		F552E93D211E386300D09FD7 /* Debug */ = {
			isa = XCBuildConfiguration;
			baseConfigurationReference = 063C9A40EBF73A2524ADD718 /* Pods-SampleBitrise.debug.xcconfig */;
			buildSettings = {
				ASSETCATALOG_COMPILER_APPICON_NAME = AppIcon;
				FRAMEWORK_SEARCH_PATHS = (
					"$(inherited)",
					"$(PROJECT_DIR)/Carthage/Build/iOS",
				);
				INFOPLIST_FILE = SampleBitrise/Info.plist;
				LD_RUNPATH_SEARCH_PATHS = "$(inherited) @executable_path/Frameworks";
				PRODUCT_BUNDLE_IDENTIFIER = hoge.SampleBitrise;
				PRODUCT_NAME = "$(TARGET_NAME)";
				SWIFT_VERSION = 3.0;
			};
			name = Debug;
		};
		F552E93E211E386300D09FD7 /* Release */ = {
			isa = XCBuildConfiguration;
			baseConfigurationReference = 14FA9217A7496D3FB267BED8 /* Pods-SampleBitrise.release.xcconfig */;
			buildSettings = {
				ASSETCATALOG_COMPILER_APPICON_NAME = AppIcon;
				FRAMEWORK_SEARCH_PATHS = (
					"$(inherited)",
					"$(PROJECT_DIR)/Carthage/Build/iOS",
				);
				INFOPLIST_FILE = SampleBitrise/Info.plist;
				LD_RUNPATH_SEARCH_PATHS = "$(inherited) @executable_path/Frameworks";
				PRODUCT_BUNDLE_IDENTIFIER = hoge.SampleBitrise;
				PRODUCT_NAME = "$(TARGET_NAME)";
				SWIFT_VERSION = 3.0;
			};
			name = Release;
		};
		F552E940211E386300D09FD7 /* Debug */ = {
			isa = XCBuildConfiguration;
			baseConfigurationReference = 63BFA037C2FBF0B93754A95D /* Pods-SampleBitriseTests.debug.xcconfig */;
			buildSettings = {
				ALWAYS_EMBED_SWIFT_STANDARD_LIBRARIES = YES;
				BUNDLE_LOADER = "$(TEST_HOST)";
				INFOPLIST_FILE = SampleBitriseTests/Info.plist;
				LD_RUNPATH_SEARCH_PATHS = "$(inherited) @executable_path/Frameworks @loader_path/Frameworks";
				PRODUCT_BUNDLE_IDENTIFIER = hoge.SampleBitriseTests;
				PRODUCT_NAME = "$(TARGET_NAME)";
				SWIFT_VERSION = 3.0;
				TEST_HOST = "$(BUILT_PRODUCTS_DIR)/SampleBitrise.app/SampleBitrise";
			};
			name = Debug;
		};
		F552E941211E386300D09FD7 /* Release */ = {
			isa = XCBuildConfiguration;
			baseConfigurationReference = 0E0CCA4AB6B94204B6F3D0C9 /* Pods-SampleBitriseTests.release.xcconfig */;
			buildSettings = {
				ALWAYS_EMBED_SWIFT_STANDARD_LIBRARIES = YES;
				BUNDLE_LOADER = "$(TEST_HOST)";
				INFOPLIST_FILE = SampleBitriseTests/Info.plist;
				LD_RUNPATH_SEARCH_PATHS = "$(inherited) @executable_path/Frameworks @loader_path/Frameworks";
				PRODUCT_BUNDLE_IDENTIFIER = hoge.SampleBitriseTests;
				PRODUCT_NAME = "$(TARGET_NAME)";
				SWIFT_VERSION = 3.0;
				TEST_HOST = "$(BUILT_PRODUCTS_DIR)/SampleBitrise.app/SampleBitrise";
			};
			name = Release;
		};
		F552E943211E386300D09FD7 /* Debug */ = {
			isa = XCBuildConfiguration;
			baseConfigurationReference = B9479956A7F358979FD19004 /* Pods-SampleBitriseUITests.debug.xcconfig */;
			buildSettings = {
				ALWAYS_EMBED_SWIFT_STANDARD_LIBRARIES = YES;
				INFOPLIST_FILE = SampleBitriseUITests/Info.plist;
				LD_RUNPATH_SEARCH_PATHS = "$(inherited) @executable_path/Frameworks @loader_path/Frameworks";
				PRODUCT_BUNDLE_IDENTIFIER = hoge.SampleBitriseUITests;
				PRODUCT_NAME = "$(TARGET_NAME)";
				SWIFT_VERSION = 3.0;
				TEST_TARGET_NAME = SampleBitrise;
			};
			name = Debug;
		};
		F552E944211E386300D09FD7 /* Release */ = {
			isa = XCBuildConfiguration;
			baseConfigurationReference = 0C09DB6FD1DE1B6C2F2B1905 /* Pods-SampleBitriseUITests.release.xcconfig */;
			buildSettings = {
				ALWAYS_EMBED_SWIFT_STANDARD_LIBRARIES = YES;
				INFOPLIST_FILE = SampleBitriseUITests/Info.plist;
				LD_RUNPATH_SEARCH_PATHS = "$(inherited) @executable_path/Frameworks @loader_path/Frameworks";
				PRODUCT_BUNDLE_IDENTIFIER = hoge.SampleBitriseUITests;
				PRODUCT_NAME = "$(TARGET_NAME)";
				SWIFT_VERSION = 3.0;
				TEST_TARGET_NAME = SampleBitrise;
			};
			name = Release;
		};
/* End XCBuildConfiguration section */

/* Begin XCConfigurationList section */
		F552E90F211E386300D09FD7 /* Build configuration list for PBXProject "SampleBitrise" */ = {
			isa = XCConfigurationList;
			buildConfigurations = (
				F552E93A211E386300D09FD7 /* Debug */,
				F552E93B211E386300D09FD7 /* Release */,
			);
			defaultConfigurationIsVisible = 0;
			defaultConfigurationName = Release;
		};
		F552E93C211E386300D09FD7 /* Build configuration list for PBXNativeTarget "SampleBitrise" */ = {
			isa = XCConfigurationList;
			buildConfigurations = (
				F552E93D211E386300D09FD7 /* Debug */,
				F552E93E211E386300D09FD7 /* Release */,
			);
			defaultConfigurationIsVisible = 0;
			defaultConfigurationName = Release;
		};
		F552E93F211E386300D09FD7 /* Build configuration list for PBXNativeTarget "SampleBitriseTests" */ = {
			isa = XCConfigurationList;
			buildConfigurations = (
				F552E940211E386300D09FD7 /* Debug */,
				F552E941211E386300D09FD7 /* Release */,
			);
			defaultConfigurationIsVisible = 0;
			defaultConfigurationName = Release;
		};
		F552E942211E386300D09FD7 /* Build configuration list for PBXNativeTarget "SampleBitriseUITests" */ = {
			isa = XCConfigurationList;
			buildConfigurations = (
				F552E943211E386300D09FD7 /* Debug */,
				F552E944211E386300D09FD7 /* Release */,
			);
			defaultConfigurationIsVisible = 0;
			defaultConfigurationName = Release;
		};
/* End XCConfigurationList section */
	};
	rootObject = F552E90C211E386300D09FD7 /* Project object */;
}
